
Microsoft Visual Studio Solution File, Format Version 12.00
# Visual Studio Version 16
VisualStudioVersion = 16.0.31729.503
MinimumVisualStudioVersion = 10.0.40219.1
Project("{8BC9CEB8-8B4A-11D0-8D11-00A0C91BC942}") = "TestOpenCV", "TestOpenCV.vcxproj", "{4B8946DC-32A7-438E-B84A-873D0F268617}"
EndProject
Global
	GlobalSection(SolutionConfigurationPlatforms) = preSolution
		Debug|x64 = Debug|x64
		Debug|x86 = Debug|x86
		Release|x64 = Release|x64
		Release|x86 = Release|x86
	EndGlobalSection
	GlobalSection(ProjectConfigurationPlatforms) = postSolution
		{4B8946DC-32A7-438E-B84A-873D0F268617}.Debug|x64.ActiveCfg = Debug|x64
		{4B8946DC-32A7-438E-B84A-873D0F268617}.Debug|x64.Build.0 = Debug|x64
		{4B8946DC-32A7-438E-B84A-873D0F268617}.Debug|x86.ActiveCfg = Debug|Win32
		{4B8946DC-32A7-438E-B84A-873D0F268617}.Debug|x86.Build.0 = Debug|Win32
		{4B8946DC-32A7-438E-B84A-873D0F268617}.Release|x64.ActiveCfg = Release|x64
		{4B8946DC-32A7-438E-B84A-873D0F268617}.Release|x64.Build.0 = Release|x64
		{4B8946DC-32A7-438E-B84A-873D0F268617}.Release|x86.ActiveCfg = Release|Win32
		{4B8946DC-32A7-438E-B84A-873D0F268617}.Release|x86.Build.0 = Release|Win32
	EndGlobalSection
	GlobalSection(SolutionProperties) = preSolution
		HideSolutionNode = FALSE
	EndGlobalSection
	GlobalSection(ExtensibilityGlobals) = postSolution
		SolutionGuid = {6378DAAF-3E92-42D5-BBE5-DF99EFD86F35}
	EndGlobalSection
EndGlobal
